
Microsoft Visual Studio Solution File, Format Version 12.00
# Visual Studio Version 17
VisualStudioVersion = 17.0.31903.59
MinimumVisualStudioVersion = 10.0.40219.1
Project("{9A19103F-16F7-4668-BE54-9A1E7A4F7556}") = "API", "API\API.csproj", "{9E2B93CF-C54D-4A84-A43E-C9A301634CCD}"
EndProject
Project("{FAE04EC0-301F-11D3-BF4B-00C04F79EFBC}") = "Core", "Core\Core.csproj", "{2D44C107-30A1-4551-A400-859B4C57BE13}"
EndProject
Project("{FAE04EC0-301F-11D3-BF4B-00C04F79EFBC}") = "Infrastructure", "Infrastructure\Infrastructure.csproj", "{59D467D0-D9E0-4893-B523-F92AED381A44}"
EndProject
Global
	GlobalSection(SolutionConfigurationPlatforms) = preSolution
		Debug|Any CPU = Debug|Any CPU
		Release|Any CPU = Release|Any CPU
	EndGlobalSection
	GlobalSection(ProjectConfigurationPlatforms) = postSolution
		{9E2B93CF-C54D-4A84-A43E-C9A301634CCD}.Debug|Any CPU.ActiveCfg = Debug|Any CPU
		{9E2B93CF-C54D-4A84-A43E-C9A301634CCD}.Debug|Any CPU.Build.0 = Debug|Any CPU
		{9E2B93CF-C54D-4A84-A43E-C9A301634CCD}.Release|Any CPU.ActiveCfg = Release|Any CPU
		{9E2B93CF-C54D-4A84-A43E-C9A301634CCD}.Release|Any CPU.Build.0 = Release|Any CPU
		{2D44C107-30A1-4551-A400-859B4C57BE13}.Debug|Any CPU.ActiveCfg = Debug|Any CPU
		{2D44C107-30A1-4551-A400-859B4C57BE13}.Debug|Any CPU.Build.0 = Debug|Any CPU
		{2D44C107-30A1-4551-A400-859B4C57BE13}.Release|Any CPU.ActiveCfg = Release|Any CPU
		{2D44C107-30A1-4551-A400-859B4C57BE13}.Release|Any CPU.Build.0 = Release|Any CPU
		{59D467D0-D9E0-4893-B523-F92AED381A44}.Debug|Any CPU.ActiveCfg = Debug|Any CPU
		{59D467D0-D9E0-4893-B523-F92AED381A44}.Debug|Any CPU.Build.0 = Debug|Any CPU
		{59D467D0-D9E0-4893-B523-F92AED381A44}.Release|Any CPU.ActiveCfg = Release|Any CPU
		{59D467D0-D9E0-4893-B523-F92AED381A44}.Release|Any CPU.Build.0 = Release|Any CPU
	EndGlobalSection
	GlobalSection(SolutionProperties) = preSolution
		HideSolutionNode = FALSE
	EndGlobalSection
	GlobalSection(ExtensibilityGlobals) = postSolution
		SolutionGuid = {ED07AEAC-08BD-44A0-BC32-39766339E79C}
	EndGlobalSection
EndGlobal
